<?xml version="1.0" encoding="UTF-8" standalone="yes" ?>
<CodeBlocks_project_file>
	<FileVersion major="1" minor="6" />
	<Project>
		<Option title="Calculator" />
		<Option pch_mode="2" />
		<Option compiler="gcc" />
		<Build>
			<Target title="Debug">
				<Option output="bin/Debug/Calculator" prefix_auto="1" extension_auto="1" />
				<Option object_output="obj/Debug/" />
				<Option type="1" />
				<Option compiler="gcc" />
				<Compiler>
					<Add option="-g" />
					<Add option="`pkg-config gtk4 --cflags`" />
				</Compiler>
				<Linker>
					<Add option="`pkg-config gtk4 --libs`" />
				</Linker>
			</Target>
			<Target title="Release">
				<Option output="bin/Release/Calculator" prefix_auto="1" extension_auto="1" />
				<Option object_output="obj/Release/" />
				<Option type="1" />
				<Option compiler="gcc" />
				<Compiler>
					<Add option="-O2" />
					<Add option="`pkg-config gtk4 --cflags`" />
				</Compiler>
				<Linker>
					<Add option="-s" />
					<Add option="`pkg-config gtk4 --libs`" />
				</Linker>
			</Target>
		</Build>
		<Compiler>
			<Add option="-Wall" />
		</Compiler>
		<Unit filename="api.c">
			<Option compilerVar="CC" />
		</Unit>
		<Unit filename="api_header.h" />
		<Unit filename="mainApp.c">
			<Option compilerVar="CC" />
		</Unit>
		<Unit filename="style.css">
			<Option target="Debug" />
		</Unit>
		<Extensions>
			<lib_finder disable_auto="1" />
		</Extensions>
	</Project>
</CodeBlocks_project_file>
